
Microsoft Visual Studio Solution File, Format Version 12.00
Project("{FAE04EC0-301F-11D3-BF4B-00C04F79EFBC}") = "DTF3", "DTF3\DTF3.csproj", "{B7CFD803-1072-4374-8097-33C5F57374E5}"
EndProject
Project("{FAE04EC0-301F-11D3-BF4B-00C04F79EFBC}") = "Test", "Test\Test.csproj", "{723A0397-382C-455D-8980-3A88B6C2340D}"
EndProject
Global
	GlobalSection(SolutionConfigurationPlatforms) = preSolution
		Debug|Any CPU = Debug|Any CPU
		Release|Any CPU = Release|Any CPU
	EndGlobalSection
	GlobalSection(ProjectConfigurationPlatforms) = postSolution
		{B7CFD803-1072-4374-8097-33C5F57374E5}.Debug|Any CPU.ActiveCfg = Debug|Any CPU
		{B7CFD803-1072-4374-8097-33C5F57374E5}.Debug|Any CPU.Build.0 = Debug|Any CPU
		{B7CFD803-1072-4374-8097-33C5F57374E5}.Release|Any CPU.ActiveCfg = Release|Any CPU
		{B7CFD803-1072-4374-8097-33C5F57374E5}.Release|Any CPU.Build.0 = Release|Any CPU
		{723A0397-382C-455D-8980-3A88B6C2340D}.Debug|Any CPU.ActiveCfg = Debug|Any CPU
		{723A0397-382C-455D-8980-3A88B6C2340D}.Debug|Any CPU.Build.0 = Debug|Any CPU
		{723A0397-382C-455D-8980-3A88B6C2340D}.Release|Any CPU.ActiveCfg = Release|Any CPU
		{723A0397-382C-455D-8980-3A88B6C2340D}.Release|Any CPU.Build.0 = Release|Any CPU
	EndGlobalSection
EndGlobal
